
Microsoft Visual Studio Solution File, Format Version 12.00
# Visual Studio Version 16
VisualStudioVersion = 16.0.28803.202
MinimumVisualStudioVersion = 10.0.40219.1
Project("{9A19103F-16F7-4668-BE54-9A1E7A4F7556}") = "iSchool.Authorization", "iSchool.Authorization\iSchool.Authorization.csproj", "{F5A531C7-CF79-4D12-82E0-8E14B178EC23}"
EndProject
Project("{9A19103F-16F7-4668-BE54-9A1E7A4F7556}") = "iSchool.Console.Auth", "iSchool.Console.Auth\iSchool.Console.Auth.csproj", "{21041D32-A4A7-4B25-8495-442BE10D43C0}"
EndProject
Project("{9A19103F-16F7-4668-BE54-9A1E7A4F7556}") = "UEditor", "UEditor\UEditor.csproj", "{909C36C4-96C7-4644-981C-F3CD2455DA17}"
EndProject
Project("{9A19103F-16F7-4668-BE54-9A1E7A4F7556}") = "iSchool.Sites.UserCenter", "iSchool.Sites.UserCenter\iSchool.Sites.UserCenter.csproj", "{1EC76161-3255-4AFA-9F25-D5EE2D5F77F0}"
EndProject
Project("{9A19103F-16F7-4668-BE54-9A1E7A4F7556}") = "iSchool.Interface.QQ", "iSchool.Interface.QQ\iSchool.Interface.QQ.csproj", "{25F45BD0-9105-412A-B54D-6FCD1C4CA388}"
EndProject
Project("{FAE04EC0-301F-11D3-BF4B-00C04F79EFBC}") = "WebApplication1", "WebApplication1\WebApplication1.csproj", "{6718DF1A-82F9-4C84-8F31-58B0BF666402}"
EndProject
Global
	GlobalSection(SolutionConfigurationPlatforms) = preSolution
		Debug|Any CPU = Debug|Any CPU
		Release|Any CPU = Release|Any CPU
	EndGlobalSection
	GlobalSection(ProjectConfigurationPlatforms) = postSolution
		{F5A531C7-CF79-4D12-82E0-8E14B178EC23}.Debug|Any CPU.ActiveCfg = Debug|Any CPU
		{F5A531C7-CF79-4D12-82E0-8E14B178EC23}.Debug|Any CPU.Build.0 = Debug|Any CPU
		{F5A531C7-CF79-4D12-82E0-8E14B178EC23}.Release|Any CPU.ActiveCfg = Release|Any CPU
		{F5A531C7-CF79-4D12-82E0-8E14B178EC23}.Release|Any CPU.Build.0 = Release|Any CPU
		{21041D32-A4A7-4B25-8495-442BE10D43C0}.Debug|Any CPU.ActiveCfg = Debug|Any CPU
		{21041D32-A4A7-4B25-8495-442BE10D43C0}.Debug|Any CPU.Build.0 = Debug|Any CPU
		{21041D32-A4A7-4B25-8495-442BE10D43C0}.Release|Any CPU.ActiveCfg = Release|Any CPU
		{21041D32-A4A7-4B25-8495-442BE10D43C0}.Release|Any CPU.Build.0 = Release|Any CPU
		{909C36C4-96C7-4644-981C-F3CD2455DA17}.Debug|Any CPU.ActiveCfg = Debug|Any CPU
		{909C36C4-96C7-4644-981C-F3CD2455DA17}.Debug|Any CPU.Build.0 = Debug|Any CPU
		{909C36C4-96C7-4644-981C-F3CD2455DA17}.Release|Any CPU.ActiveCfg = Release|Any CPU
		{909C36C4-96C7-4644-981C-F3CD2455DA17}.Release|Any CPU.Build.0 = Release|Any CPU
		{1EC76161-3255-4AFA-9F25-D5EE2D5F77F0}.Debug|Any CPU.ActiveCfg = Debug|Any CPU
		{1EC76161-3255-4AFA-9F25-D5EE2D5F77F0}.Debug|Any CPU.Build.0 = Debug|Any CPU
		{1EC76161-3255-4AFA-9F25-D5EE2D5F77F0}.Release|Any CPU.ActiveCfg = Release|Any CPU
		{1EC76161-3255-4AFA-9F25-D5EE2D5F77F0}.Release|Any CPU.Build.0 = Release|Any CPU
		{25F45BD0-9105-412A-B54D-6FCD1C4CA388}.Debug|Any CPU.ActiveCfg = Debug|Any CPU
		{25F45BD0-9105-412A-B54D-6FCD1C4CA388}.Debug|Any CPU.Build.0 = Debug|Any CPU
		{25F45BD0-9105-412A-B54D-6FCD1C4CA388}.Release|Any CPU.ActiveCfg = Release|Any CPU
		{25F45BD0-9105-412A-B54D-6FCD1C4CA388}.Release|Any CPU.Build.0 = Release|Any CPU
		{6718DF1A-82F9-4C84-8F31-58B0BF666402}.Debug|Any CPU.ActiveCfg = Debug|Any CPU
		{6718DF1A-82F9-4C84-8F31-58B0BF666402}.Debug|Any CPU.Build.0 = Debug|Any CPU
		{6718DF1A-82F9-4C84-8F31-58B0BF666402}.Release|Any CPU.ActiveCfg = Release|Any CPU
		{6718DF1A-82F9-4C84-8F31-58B0BF666402}.Release|Any CPU.Build.0 = Release|Any CPU
	EndGlobalSection
	GlobalSection(SolutionProperties) = preSolution
		HideSolutionNode = FALSE
	EndGlobalSection
	GlobalSection(ExtensibilityGlobals) = postSolution
		SolutionGuid = {961A6FED-2D0D-41A7-8A2D-BD8DF1F11788}
	EndGlobalSection
EndGlobal
